# THIS IS AN AUTOGENERATED FILE. DO NOT EDIT THIS FILE DIRECTLY.
# yarn lockfile v1


axios@^0.21:
  version "0.21.4"
  resolved "https://registry.yarnpkg.com/axios/-/axios-0.21.4.tgz#c67b90dc0568e5c1cf2b0b858c43ba28e2eda575"
  integrity sha512-ut5vewkiu8jjGBdqpM44XxjuCjq9LAKeHVmoVfHVzy8eHgxxq8SbAVQNovDA8mVi05kP0Ea/n/UzcSHcTJQfNg==
  dependencies:
    follow-redirects "^1.14.0"

moment@^2.19.2:
  version "2.29.1"
  resolved "https://registry.yarnpkg.com/moment/-/moment-2.29.1.tgz#b2be769fa31940be9eeea6469c075e35006fa3d3"
  integrity sha512-kHmoybcPV8Sqy59DwNDY3Jefr64lK/by/da0ViFcuA4DH0vQg5Q6Ze5VimxkfQNSC+Mls/Kx53s7TjP1RhFEDQ==

v-toaster@^1.0.3:
  version "1.0.3"
  resolved "https://registry.yarnpkg.com/v-toaster/-/v-toaster-1.0.3.tgz#2c768cea82a5a9e5324f3e0b02703230ce98146f"
  integrity sha512-B+yhvuUDiYykh1g4jgAKTRmnrJa4vrc+O1+/A57HSl4rA3R7OX0+8GGz2kr3eZ9YKkpaRlew9zWSjtksVa0+Bg==

vue-moment@^4.1.0:
  version "4.1.0"
  resolved "https://registry.yarnpkg.com/vue-moment/-/vue-moment-4.1.0.tgz#092a8ff723a96c6f85a0a8e23ad30f0bf320f3b0"
  integrity sha512-Gzisqpg82ItlrUyiD9d0Kfru+JorW2o4mQOH06lEDZNgxci0tv/fua1Hl0bo4DozDV2JK1r52Atn/8QVCu8qQw==
  dependencies:
    moment "^2.19.2"
